
Microsoft Visual Studio Solution File, Format Version 12.00
# Visual Studio Version 16
VisualStudioVersion = 16.0.30002.166
MinimumVisualStudioVersion = 10.0.40219.1
Project("{FAE04EC0-301F-11D3-BF4B-00C04F79EFBC}") = "Diplomacy Reworked", "Diplomacy Reworked\Diplomacy Reworked.csproj", "{446CF6BB-4E49-44A8-9628-52BF2D47E655}"
EndProject
Global
	GlobalSection(SolutionConfigurationPlatforms) = preSolution
		Debug|Any CPU = Debug|Any CPU
		Release|Any CPU = Release|Any CPU
	EndGlobalSection
	GlobalSection(ProjectConfigurationPlatforms) = postSolution
		{446CF6BB-4E49-44A8-9628-52BF2D47E655}.Debug|Any CPU.ActiveCfg = Debug|Any CPU
		{446CF6BB-4E49-44A8-9628-52BF2D47E655}.Debug|Any CPU.Build.0 = Debug|Any CPU
		{446CF6BB-4E49-44A8-9628-52BF2D47E655}.Release|Any CPU.ActiveCfg = Release|Any CPU
		{446CF6BB-4E49-44A8-9628-52BF2D47E655}.Release|Any CPU.Build.0 = Release|Any CPU
	EndGlobalSection
	GlobalSection(SolutionProperties) = preSolution
		HideSolutionNode = FALSE
	EndGlobalSection
	GlobalSection(ExtensibilityGlobals) = postSolution
		SolutionGuid = {8A4FFFD0-5103-42BE-A2A5-DF87D7A2454E}
	EndGlobalSection
EndGlobal
